
Microsoft Visual Studio Solution File, Format Version 12.00
# Visual Studio 14
VisualStudioVersion = 14.0.25420.1
MinimumVisualStudioVersion = 10.0.40219.1
Project("{8BB2217D-0F2D-49D1-97BC-3654ED321F3B}") = "MoviesApi", "src\MoviesApi\MoviesApi.xproj", "{C55CAF63-321F-49AD-8FC2-36059DE661FF}"
EndProject
Project("{8BB2217D-0F2D-49D1-97BC-3654ED321F3B}") = "MoviesApi.Tests", "test\MoviesApi.Tests\MoviesApi.Tests.xproj", "{008DC6FE-6A00-47CB-ADE8-6EA2A36FE966}"
EndProject
Project("{2150E333-8FDC-42A3-9474-1A3956D46DE8}") = "Solution Items", "Solution Items", "{DF93D517-53BB-4BC0-B9B8-B7484CB8E8A3}"
	ProjectSection(SolutionItems) = preProject
		.gitignore = .gitignore
		.travis.yml = .travis.yml
		dockerTask.ps1 = dockerTask.ps1
		dockerTask.sh = dockerTask.sh
		global.json = global.json
		README.md = README.md
	EndProjectSection
EndProject
Global
	GlobalSection(SolutionConfigurationPlatforms) = preSolution
		Debug|Any CPU = Debug|Any CPU
		Release|Any CPU = Release|Any CPU
	EndGlobalSection
	GlobalSection(ProjectConfigurationPlatforms) = postSolution
		{C55CAF63-321F-49AD-8FC2-36059DE661FF}.Debug|Any CPU.ActiveCfg = Debug|Any CPU
		{C55CAF63-321F-49AD-8FC2-36059DE661FF}.Debug|Any CPU.Build.0 = Debug|Any CPU
		{C55CAF63-321F-49AD-8FC2-36059DE661FF}.Release|Any CPU.ActiveCfg = Release|Any CPU
		{C55CAF63-321F-49AD-8FC2-36059DE661FF}.Release|Any CPU.Build.0 = Release|Any CPU
		{008DC6FE-6A00-47CB-ADE8-6EA2A36FE966}.Debug|Any CPU.ActiveCfg = Debug|Any CPU
		{008DC6FE-6A00-47CB-ADE8-6EA2A36FE966}.Debug|Any CPU.Build.0 = Debug|Any CPU
		{008DC6FE-6A00-47CB-ADE8-6EA2A36FE966}.Release|Any CPU.ActiveCfg = Release|Any CPU
		{008DC6FE-6A00-47CB-ADE8-6EA2A36FE966}.Release|Any CPU.Build.0 = Release|Any CPU
	EndGlobalSection
	GlobalSection(SolutionProperties) = preSolution
		HideSolutionNode = FALSE
	EndGlobalSection
EndGlobal
